
Microsoft Visual Studio Solution File, Format Version 12.00
# Visual Studio Version 17
VisualStudioVersion = 17.14.36518.9 d17.14
MinimumVisualStudioVersion = 10.0.40219.1
Project("{FAE04EC0-301F-11D3-BF4B-00C04F79EFBC}") = "23011556-089(VP_Ass)", "23011556-089(VP_Ass)\23011556-089(VP_Ass).csproj", "{D6E52954-3A5A-47D4-BE7B-A760B4CD1C7B}"
EndProject
Global
	GlobalSection(SolutionConfigurationPlatforms) = preSolution
		Debug|Any CPU = Debug|Any CPU
		Release|Any CPU = Release|Any CPU
	EndGlobalSection
	GlobalSection(ProjectConfigurationPlatforms) = postSolution
		{D6E52954-3A5A-47D4-BE7B-A760B4CD1C7B}.Debug|Any CPU.ActiveCfg = Debug|Any CPU
		{D6E52954-3A5A-47D4-BE7B-A760B4CD1C7B}.Debug|Any CPU.Build.0 = Debug|Any CPU
		{D6E52954-3A5A-47D4-BE7B-A760B4CD1C7B}.Release|Any CPU.ActiveCfg = Release|Any CPU
		{D6E52954-3A5A-47D4-BE7B-A760B4CD1C7B}.Release|Any CPU.Build.0 = Release|Any CPU
	EndGlobalSection
	GlobalSection(SolutionProperties) = preSolution
		HideSolutionNode = FALSE
	EndGlobalSection
	GlobalSection(ExtensibilityGlobals) = postSolution
		SolutionGuid = {E5D316A1-EF3A-4122-B635-481ACBBE5F6C}
	EndGlobalSection
EndGlobal
